{
  "originHash" : "4293bf8009f86ae018d2d8f93cefa7a05d648b00c06f2a238d00a19c33682d4e",
  "pins" : [
    {
      "identity" : "admobswiftui",
      "kind" : "remoteSourceControl",
      "location" : "https://github.com/marionauta/AdmobSwiftUI",
      "state" : {
        "branch" : "main",
        "revision" : "f0b8fa6c8aae0833597e5134b3168a93e41a4f2e"
      }
    },
    {
      "identity" : "apps-showcase-swift",
      "kind" : "remoteSourceControl",
      "location" : "https://github.com/marionauta/apps-showcase-swift",
      "state" : {
        "revision" : "e7c19e35ce81ccf778e4994248feab8f019421c0",
        "version" : "0.2.0"
      }
    },
    {
      "identity" : "helperkit",
      "kind" : "remoteSourceControl",
      "location" : "https://github.com/marionauta/HelperKit",
      "state" : {
        "revision" : "6df3d0a1b55f42acf1bd6b51822f782469f84cea",
        "version" : "0.9.0"
      }
    },
    {
      "identity" : "keychainaccess",
      "kind" : "remoteSourceControl",
      "location" : "https://github.com/kishikawakatsumi/KeychainAccess.git",
      "state" : {
        "revision" : "84e546727d66f1adc5439debad16270d0fdd04e7",
        "version" : "4.2.2"
      }
    },
    {
      "identity" : "notchlogokit",
      "kind" : "remoteSourceControl",
      "location" : "https://github.com/marionauta/NotchLogoKit",
      "state" : {
        "branch" : "main",
        "revision" : "597fa81cf5e7c7b69d84256cc457c3f3d46218fa"
      }
    },
    {
      "identity" : "swift-map-cluster",
      "kind" : "remoteSourceControl",
      "location" : "https://github.com/marionauta/swift-map-cluster",
      "state" : {
        "revision" : "6514b9f214fb31019af1bd5c284cfdd5e034a848"
      }
    },
    {
      "identity" : "swift-package-manager-google-mobile-ads",
      "kind" : "remoteSourceControl",
      "location" : "https://github.com/googleads/swift-package-manager-google-mobile-ads.git",
      "state" : {
        "revision" : "32c61bd35c10517bb9d1d28252af71fe7fd3d0c8",
        "version" : "12.13.0"
      }
    },
    {
      "identity" : "swift-package-manager-google-user-messaging-platform",
      "kind" : "remoteSourceControl",
      "location" : "https://github.com/googleads/swift-package-manager-google-user-messaging-platform.git",
      "state" : {
        "revision" : "13b248eaa73b7826f0efb1bcf455e251d65ecb1b",
        "version" : "3.1.0"
      }
    },
    {
      "identity" : "swift-perception",
      "kind" : "remoteSourceControl",
      "location" : "https://github.com/pointfreeco/swift-perception",
      "state" : {
        "revision" : "59b00dfa5548b5b91ebbda6d94d6328d82ca00fe",
        "version" : "2.0.6"
      }
    },
    {
      "identity" : "swift-syntax",
      "kind" : "remoteSourceControl",
      "location" : "https://github.com/swiftlang/swift-syntax",
      "state" : {
        "revision" : "64889f0c732f210a935a0ad7cda38f77f876262d",
        "version" : "509.1.1"
      }
    },
    {
      "identity" : "xctest-dynamic-overlay",
      "kind" : "remoteSourceControl",
      "location" : "https://github.com/pointfreeco/xctest-dynamic-overlay",
      "state" : {
        "revision" : "b2ed9eabefe56202ee4939dd9fc46b6241c88317",
        "version" : "1.6.1"
      }
    }
  ],
  "version" : 3
}
