{
  "pins" : [
    {
      "identity" : "admobswiftui",
      "kind" : "remoteSourceControl",
      "location" : "https://github.com/marionauta/AdmobSwiftUI",
      "state" : {
        "branch" : "main",
        "revision" : "01cfb27bf336c9257fd49dbc54f159af18950bfb"
      }
    },
    {
      "identity" : "apps-showcase-swift",
      "kind" : "remoteSourceControl",
      "location" : "https://github.com/marionauta/apps-showcase-swift",
      "state" : {
        "revision" : "e7c19e35ce81ccf778e4994248feab8f019421c0",
        "version" : "0.2.0"
      }
    },
    {
      "identity" : "helperkit",
      "kind" : "remoteSourceControl",
      "location" : "https://github.com/marionauta/HelperKit",
      "state" : {
        "revision" : "6df3d0a1b55f42acf1bd6b51822f782469f84cea",
        "version" : "0.9.0"
      }
    },
    {
      "identity" : "notchlogokit",
      "kind" : "remoteSourceControl",
      "location" : "https://github.com/marionauta/NotchLogoKit",
      "state" : {
        "branch" : "main",
        "revision" : "597fa81cf5e7c7b69d84256cc457c3f3d46218fa"
      }
    },
    {
      "identity" : "swift-algorithms",
      "kind" : "remoteSourceControl",
      "location" : "https://github.com/apple/swift-algorithms.git",
      "state" : {
        "revision" : "f6919dfc309e7f1b56224378b11e28bab5bccc42",
        "version" : "1.2.0"
      }
    },
    {
      "identity" : "swift-map-cluster",
      "kind" : "remoteSourceControl",
      "location" : "https://github.com/marionauta/swift-map-cluster",
      "state" : {
        "revision" : "6514b9f214fb31019af1bd5c284cfdd5e034a848"
      }
    },
    {
      "identity" : "swift-numerics",
      "kind" : "remoteSourceControl",
      "location" : "https://github.com/apple/swift-numerics.git",
      "state" : {
        "revision" : "0a5bc04095a675662cf24757cc0640aa2204253b",
        "version" : "1.0.2"
      }
    },
    {
      "identity" : "swift-package-manager-google-mobile-ads",
      "kind" : "remoteSourceControl",
      "location" : "https://github.com/googleads/swift-package-manager-google-mobile-ads.git",
      "state" : {
        "revision" : "82c49f703da08f6c20715fd8bb8dfe5d94a2f187",
        "version" : "11.12.0"
      }
    },
    {
      "identity" : "swift-package-manager-google-user-messaging-platform",
      "kind" : "remoteSourceControl",
      "location" : "https://github.com/googleads/swift-package-manager-google-user-messaging-platform.git",
      "state" : {
        "revision" : "708a282840c2171ee63bd93b87afa49fe507d70e",
        "version" : "2.7.0"
      }
    },
    {
      "identity" : "swift-perception",
      "kind" : "remoteSourceControl",
      "location" : "https://github.com/pointfreeco/swift-perception",
      "state" : {
        "revision" : "bc67aa8e461351c97282c2419153757a446ae1c9",
        "version" : "1.3.5"
      }
    },
    {
      "identity" : "swift-syntax",
      "kind" : "remoteSourceControl",
      "location" : "https://github.com/swiftlang/swift-syntax",
      "state" : {
        "revision" : "6ad4ea24b01559dde0773e3d091f1b9e36175036",
        "version" : "509.0.2"
      }
    },
    {
      "identity" : "xctest-dynamic-overlay",
      "kind" : "remoteSourceControl",
      "location" : "https://github.com/pointfreeco/xctest-dynamic-overlay",
      "state" : {
        "revision" : "770f990d3e4eececb57ac04a6076e22f8c97daeb",
        "version" : "1.4.2"
      }
    }
  ],
  "version" : 2
}
