// !$*UTF8*$!
{
	archiveVersion = 1;
	classes = {
	};
	objectVersion = 55;
	objects = {

/* Begin PBXBuildFile section */
		AC1F87312819B9EA00F5D09F /* FountainMap.swift in Sources */ = {isa = PBXBuildFile; fileRef = AC1F87302819B9EA00F5D09F /* FountainMap.swift */; };
		AC2DDA5429D713D0002C667F /* AreaPreviewModal.swift in Sources */ = {isa = PBXBuildFile; fileRef = AC2DDA5329D713D0002C667F /* AreaPreviewModal.swift */; };
		AC2DDA5629D7140F002C667F /* AddAreaCoordinator.swift in Sources */ = {isa = PBXBuildFile; fileRef = AC2DDA5529D7140F002C667F /* AddAreaCoordinator.swift */; };
		AC4B038729D72AA3008946C9 /* FountainDetailViewModel.swift in Sources */ = {isa = PBXBuildFile; fileRef = AC4B038629D72AA3008946C9 /* FountainDetailViewModel.swift */; };
		AC4B038929D72B83008946C9 /* FountainDetailCoordinator.swift in Sources */ = {isa = PBXBuildFile; fileRef = AC4B038829D72B83008946C9 /* FountainDetailCoordinator.swift */; };
		AC7A7176285A259700BB0802 /* FountainMapAnnotation.swift in Sources */ = {isa = PBXBuildFile; fileRef = AC7A7175285A259700BB0802 /* FountainMapAnnotation.swift */; };
		AC891458285A2B6B00D57CCF /* Localizable.strings in Resources */ = {isa = PBXBuildFile; fileRef = AC89145A285A2B6B00D57CCF /* Localizable.strings */; };
		ACB4962B292E6CD3003BE70B /* AddAreaScreen.swift in Sources */ = {isa = PBXBuildFile; fileRef = ACB4962A292E6CD3003BE70B /* AddAreaScreen.swift */; };
		ACB4962D292E7126003BE70B /* AddAreaViewModel.swift in Sources */ = {isa = PBXBuildFile; fileRef = ACB4962C292E7126003BE70B /* AddAreaViewModel.swift */; };
		ACB49630292E79B1003BE70B /* AreaListScreen.swift in Sources */ = {isa = PBXBuildFile; fileRef = ACB4962F292E79B1003BE70B /* AreaListScreen.swift */; };
		ACB49632292E7CB7003BE70B /* AreaListViewModel.swift in Sources */ = {isa = PBXBuildFile; fileRef = ACB49631292E7CB7003BE70B /* AreaListViewModel.swift */; };
		ACCF53C62815D52500D62A53 /* DomainLayer in Frameworks */ = {isa = PBXBuildFile; productRef = ACCF53C52815D52500D62A53 /* DomainLayer */; };
		ACCF53C92815D58400D62A53 /* MapScreen.swift in Sources */ = {isa = PBXBuildFile; fileRef = ACCF53C82815D58400D62A53 /* MapScreen.swift */; };
		ACCF53CB2815D5D800D62A53 /* MapViewModel.swift in Sources */ = {isa = PBXBuildFile; fileRef = ACCF53CA2815D5D800D62A53 /* MapViewModel.swift */; };
		ACCFBE472816030900319CCB /* FountainDetailScreen.swift in Sources */ = {isa = PBXBuildFile; fileRef = ACCFBE462816030900319CCB /* FountainDetailScreen.swift */; };
		ACD2756D2816DA8D007B70FB /* CommonLayer in Frameworks */ = {isa = PBXBuildFile; productRef = ACD2756C2816DA8D007B70FB /* CommonLayer */; };
		ACE290992815D0F6002B0BD8 /* FountainsApp.swift in Sources */ = {isa = PBXBuildFile; fileRef = ACE290982815D0F6002B0BD8 /* FountainsApp.swift */; };
		ACE2909B2815D0F6002B0BD8 /* ContentView.swift in Sources */ = {isa = PBXBuildFile; fileRef = ACE2909A2815D0F6002B0BD8 /* ContentView.swift */; };
		ACE2909D2815D0F7002B0BD8 /* Assets.xcassets in Resources */ = {isa = PBXBuildFile; fileRef = ACE2909C2815D0F7002B0BD8 /* Assets.xcassets */; };
/* End PBXBuildFile section */

/* Begin PBXFileReference section */
		AC1F87302819B9EA00F5D09F /* FountainMap.swift */ = {isa = PBXFileReference; lastKnownFileType = sourcecode.swift; path = FountainMap.swift; sourceTree = "<group>"; };
		AC2DDA5329D713D0002C667F /* AreaPreviewModal.swift */ = {isa = PBXFileReference; lastKnownFileType = sourcecode.swift; path = AreaPreviewModal.swift; sourceTree = "<group>"; };
		AC2DDA5529D7140F002C667F /* AddAreaCoordinator.swift */ = {isa = PBXFileReference; lastKnownFileType = sourcecode.swift; path = AddAreaCoordinator.swift; sourceTree = "<group>"; };
		AC364FDB299CEEA5005C93E8 /* Info.plist */ = {isa = PBXFileReference; lastKnownFileType = text.plist.xml; path = Info.plist; sourceTree = "<group>"; };
		AC4B038629D72AA3008946C9 /* FountainDetailViewModel.swift */ = {isa = PBXFileReference; lastKnownFileType = sourcecode.swift; path = FountainDetailViewModel.swift; sourceTree = "<group>"; };
		AC4B038829D72B83008946C9 /* FountainDetailCoordinator.swift */ = {isa = PBXFileReference; lastKnownFileType = sourcecode.swift; path = FountainDetailCoordinator.swift; sourceTree = "<group>"; };
		AC7A7175285A259700BB0802 /* FountainMapAnnotation.swift */ = {isa = PBXFileReference; lastKnownFileType = sourcecode.swift; path = FountainMapAnnotation.swift; sourceTree = "<group>"; };
		AC891459285A2B6B00D57CCF /* en */ = {isa = PBXFileReference; lastKnownFileType = text.plist.strings; name = en; path = en.lproj/Localizable.strings; sourceTree = "<group>"; };
		AC89145B285A2B6D00D57CCF /* es */ = {isa = PBXFileReference; lastKnownFileType = text.plist.strings; name = es; path = es.lproj/Localizable.strings; sourceTree = "<group>"; };
		ACB4962A292E6CD3003BE70B /* AddAreaScreen.swift */ = {isa = PBXFileReference; lastKnownFileType = sourcecode.swift; path = AddAreaScreen.swift; sourceTree = "<group>"; };
		ACB4962C292E7126003BE70B /* AddAreaViewModel.swift */ = {isa = PBXFileReference; lastKnownFileType = sourcecode.swift; path = AddAreaViewModel.swift; sourceTree = "<group>"; };
		ACB4962F292E79B1003BE70B /* AreaListScreen.swift */ = {isa = PBXFileReference; lastKnownFileType = sourcecode.swift; path = AreaListScreen.swift; sourceTree = "<group>"; };
		ACB49631292E7CB7003BE70B /* AreaListViewModel.swift */ = {isa = PBXFileReference; lastKnownFileType = sourcecode.swift; path = AreaListViewModel.swift; sourceTree = "<group>"; };
		ACCF53C82815D58400D62A53 /* MapScreen.swift */ = {isa = PBXFileReference; lastKnownFileType = sourcecode.swift; path = MapScreen.swift; sourceTree = "<group>"; };
		ACCF53CA2815D5D800D62A53 /* MapViewModel.swift */ = {isa = PBXFileReference; lastKnownFileType = sourcecode.swift; path = MapViewModel.swift; sourceTree = "<group>"; };
		ACCF53CC2815E6CE00D62A53 /* DataLayer */ = {isa = PBXFileReference; lastKnownFileType = wrapper; path = DataLayer; sourceTree = "<group>"; };
		ACCFBE462816030900319CCB /* FountainDetailScreen.swift */ = {isa = PBXFileReference; lastKnownFileType = sourcecode.swift; path = FountainDetailScreen.swift; sourceTree = "<group>"; };
		ACE290952815D0F6002B0BD8 /* Fountains.app */ = {isa = PBXFileReference; explicitFileType = wrapper.application; includeInIndex = 0; path = Fountains.app; sourceTree = BUILT_PRODUCTS_DIR; };
		ACE290982815D0F6002B0BD8 /* FountainsApp.swift */ = {isa = PBXFileReference; lastKnownFileType = sourcecode.swift; path = FountainsApp.swift; sourceTree = "<group>"; };
		ACE2909A2815D0F6002B0BD8 /* ContentView.swift */ = {isa = PBXFileReference; lastKnownFileType = sourcecode.swift; path = ContentView.swift; sourceTree = "<group>"; };
		ACE2909C2815D0F7002B0BD8 /* Assets.xcassets */ = {isa = PBXFileReference; lastKnownFileType = folder.assetcatalog; path = Assets.xcassets; sourceTree = "<group>"; };
		ACE290A62815D227002B0BD8 /* DomainLayer */ = {isa = PBXFileReference; lastKnownFileType = wrapper; path = DomainLayer; sourceTree = "<group>"; };
		ACEE77CE2815F06400340A88 /* CommonLayer */ = {isa = PBXFileReference; lastKnownFileType = wrapper; path = CommonLayer; sourceTree = "<group>"; };
/* End PBXFileReference section */

/* Begin PBXFrameworksBuildPhase section */
		ACE290922815D0F6002B0BD8 /* Frameworks */ = {
			isa = PBXFrameworksBuildPhase;
			buildActionMask = 2147483647;
			files = (
				ACCF53C62815D52500D62A53 /* DomainLayer in Frameworks */,
				ACD2756D2816DA8D007B70FB /* CommonLayer in Frameworks */,
			);
			runOnlyForDeploymentPostprocessing = 0;
		};
/* End PBXFrameworksBuildPhase section */

/* Begin PBXGroup section */
		AC7A7177285A2B1C00BB0802 /* Strings */ = {
			isa = PBXGroup;
			children = (
				AC89145A285A2B6B00D57CCF /* Localizable.strings */,
			);
			path = Strings;
			sourceTree = "<group>";
		};
		ACB49629292E6CBE003BE70B /* AddArea */ = {
			isa = PBXGroup;
			children = (
				AC2DDA5529D7140F002C667F /* AddAreaCoordinator.swift */,
				ACB4962A292E6CD3003BE70B /* AddAreaScreen.swift */,
				ACB4962C292E7126003BE70B /* AddAreaViewModel.swift */,
				AC2DDA5329D713D0002C667F /* AreaPreviewModal.swift */,
			);
			path = AddArea;
			sourceTree = "<group>";
		};
		ACB4962E292E7996003BE70B /* AreaList */ = {
			isa = PBXGroup;
			children = (
				ACB4962F292E79B1003BE70B /* AreaListScreen.swift */,
				ACB49631292E7CB7003BE70B /* AreaListViewModel.swift */,
			);
			path = AreaList;
			sourceTree = "<group>";
		};
		ACCF53C72815D52F00D62A53 /* Screens */ = {
			isa = PBXGroup;
			children = (
				ACB49629292E6CBE003BE70B /* AddArea */,
				ACB4962E292E7996003BE70B /* AreaList */,
				ACCFBE45281602E500319CCB /* FountainDetail */,
				ACEE77CC2815EC0200340A88 /* Map */,
			);
			path = Screens;
			sourceTree = "<group>";
		};
		ACCFBE45281602E500319CCB /* FountainDetail */ = {
			isa = PBXGroup;
			children = (
				ACCFBE462816030900319CCB /* FountainDetailScreen.swift */,
				AC4B038629D72AA3008946C9 /* FountainDetailViewModel.swift */,
				AC4B038829D72B83008946C9 /* FountainDetailCoordinator.swift */,
			);
			path = FountainDetail;
			sourceTree = "<group>";
		};
		ACE2908C2815D0F6002B0BD8 = {
			isa = PBXGroup;
			children = (
				ACEE77CE2815F06400340A88 /* CommonLayer */,
				ACCF53CC2815E6CE00D62A53 /* DataLayer */,
				ACE290A62815D227002B0BD8 /* DomainLayer */,
				ACE290972815D0F6002B0BD8 /* Fountains */,
				ACE290962815D0F6002B0BD8 /* Products */,
			);
			sourceTree = "<group>";
		};
		ACE290962815D0F6002B0BD8 /* Products */ = {
			isa = PBXGroup;
			children = (
				ACE290952815D0F6002B0BD8 /* Fountains.app */,
			);
			name = Products;
			sourceTree = "<group>";
		};
		ACE290972815D0F6002B0BD8 /* Fountains */ = {
			isa = PBXGroup;
			children = (
				ACEE77CB2815EB6F00340A88 /* App */,
				ACCF53C72815D52F00D62A53 /* Screens */,
				AC7A7177285A2B1C00BB0802 /* Strings */,
				ACE2909C2815D0F7002B0BD8 /* Assets.xcassets */,
			);
			path = Fountains;
			sourceTree = "<group>";
		};
		ACEE77CB2815EB6F00340A88 /* App */ = {
			isa = PBXGroup;
			children = (
				ACE2909A2815D0F6002B0BD8 /* ContentView.swift */,
				ACE290982815D0F6002B0BD8 /* FountainsApp.swift */,
				AC364FDB299CEEA5005C93E8 /* Info.plist */,
			);
			path = App;
			sourceTree = "<group>";
		};
		ACEE77CC2815EC0200340A88 /* Map */ = {
			isa = PBXGroup;
			children = (
				ACCF53C82815D58400D62A53 /* MapScreen.swift */,
				ACCF53CA2815D5D800D62A53 /* MapViewModel.swift */,
				AC1F87302819B9EA00F5D09F /* FountainMap.swift */,
				AC7A7175285A259700BB0802 /* FountainMapAnnotation.swift */,
			);
			path = Map;
			sourceTree = "<group>";
		};
/* End PBXGroup section */

/* Begin PBXNativeTarget section */
		ACE290942815D0F6002B0BD8 /* Fountains */ = {
			isa = PBXNativeTarget;
			buildConfigurationList = ACE290A32815D0F7002B0BD8 /* Build configuration list for PBXNativeTarget "Fountains" */;
			buildPhases = (
				ACE290912815D0F6002B0BD8 /* Sources */,
				ACE290922815D0F6002B0BD8 /* Frameworks */,
				ACE290932815D0F6002B0BD8 /* Resources */,
			);
			buildRules = (
			);
			dependencies = (
			);
			name = Fountains;
			packageProductDependencies = (
				ACCF53C52815D52500D62A53 /* DomainLayer */,
				ACD2756C2816DA8D007B70FB /* CommonLayer */,
			);
			productName = Fountains;
			productReference = ACE290952815D0F6002B0BD8 /* Fountains.app */;
			productType = "com.apple.product-type.application";
		};
/* End PBXNativeTarget section */

/* Begin PBXProject section */
		ACE2908D2815D0F6002B0BD8 /* Project object */ = {
			isa = PBXProject;
			attributes = {
				BuildIndependentTargetsInParallel = 1;
				LastSwiftUpdateCheck = 1330;
				LastUpgradeCheck = 1420;
				TargetAttributes = {
					ACE290942815D0F6002B0BD8 = {
						CreatedOnToolsVersion = 13.3;
					};
				};
			};
			buildConfigurationList = ACE290902815D0F6002B0BD8 /* Build configuration list for PBXProject "Fountains" */;
			compatibilityVersion = "Xcode 13.0";
			developmentRegion = en;
			hasScannedForEncodings = 0;
			knownRegions = (
				en,
				Base,
				es,
			);
			mainGroup = ACE2908C2815D0F6002B0BD8;
			packageReferences = (
			);
			productRefGroup = ACE290962815D0F6002B0BD8 /* Products */;
			projectDirPath = "";
			projectRoot = "";
			targets = (
				ACE290942815D0F6002B0BD8 /* Fountains */,
			);
		};
/* End PBXProject section */

/* Begin PBXResourcesBuildPhase section */
		ACE290932815D0F6002B0BD8 /* Resources */ = {
			isa = PBXResourcesBuildPhase;
			buildActionMask = 2147483647;
			files = (
				ACE2909D2815D0F7002B0BD8 /* Assets.xcassets in Resources */,
				AC891458285A2B6B00D57CCF /* Localizable.strings in Resources */,
			);
			runOnlyForDeploymentPostprocessing = 0;
		};
/* End PBXResourcesBuildPhase section */

/* Begin PBXSourcesBuildPhase section */
		ACE290912815D0F6002B0BD8 /* Sources */ = {
			isa = PBXSourcesBuildPhase;
			buildActionMask = 2147483647;
			files = (
				ACCF53C92815D58400D62A53 /* MapScreen.swift in Sources */,
				ACCFBE472816030900319CCB /* FountainDetailScreen.swift in Sources */,
				AC2DDA5629D7140F002C667F /* AddAreaCoordinator.swift in Sources */,
				ACB49632292E7CB7003BE70B /* AreaListViewModel.swift in Sources */,
				AC7A7176285A259700BB0802 /* FountainMapAnnotation.swift in Sources */,
				ACE2909B2815D0F6002B0BD8 /* ContentView.swift in Sources */,
				ACE290992815D0F6002B0BD8 /* FountainsApp.swift in Sources */,
				ACB49630292E79B1003BE70B /* AreaListScreen.swift in Sources */,
				AC1F87312819B9EA00F5D09F /* FountainMap.swift in Sources */,
				ACB4962B292E6CD3003BE70B /* AddAreaScreen.swift in Sources */,
				ACCF53CB2815D5D800D62A53 /* MapViewModel.swift in Sources */,
				ACB4962D292E7126003BE70B /* AddAreaViewModel.swift in Sources */,
				AC2DDA5429D713D0002C667F /* AreaPreviewModal.swift in Sources */,
				AC4B038929D72B83008946C9 /* FountainDetailCoordinator.swift in Sources */,
				AC4B038729D72AA3008946C9 /* FountainDetailViewModel.swift in Sources */,
			);
			runOnlyForDeploymentPostprocessing = 0;
		};
/* End PBXSourcesBuildPhase section */

/* Begin PBXVariantGroup section */
		AC89145A285A2B6B00D57CCF /* Localizable.strings */ = {
			isa = PBXVariantGroup;
			children = (
				AC891459285A2B6B00D57CCF /* en */,
				AC89145B285A2B6D00D57CCF /* es */,
			);
			name = Localizable.strings;
			sourceTree = "<group>";
		};
/* End PBXVariantGroup section */

/* Begin XCBuildConfiguration section */
		ACE290A12815D0F7002B0BD8 /* Debug */ = {
			isa = XCBuildConfiguration;
			buildSettings = {
				ALWAYS_SEARCH_USER_PATHS = NO;
				CLANG_ANALYZER_LOCALIZABILITY_NONLOCALIZED = YES;
				CLANG_ANALYZER_NONNULL = YES;
				CLANG_ANALYZER_NUMBER_OBJECT_CONVERSION = YES_AGGRESSIVE;
				CLANG_CXX_LANGUAGE_STANDARD = "gnu++17";
				CLANG_ENABLE_MODULES = YES;
				CLANG_ENABLE_OBJC_ARC = YES;
				CLANG_ENABLE_OBJC_WEAK = YES;
				CLANG_WARN_BLOCK_CAPTURE_AUTORELEASING = YES;
				CLANG_WARN_BOOL_CONVERSION = YES;
				CLANG_WARN_COMMA = YES;
				CLANG_WARN_CONSTANT_CONVERSION = YES;
				CLANG_WARN_DEPRECATED_OBJC_IMPLEMENTATIONS = YES;
				CLANG_WARN_DIRECT_OBJC_ISA_USAGE = YES_ERROR;
				CLANG_WARN_DOCUMENTATION_COMMENTS = YES;
				CLANG_WARN_EMPTY_BODY = YES;
				CLANG_WARN_ENUM_CONVERSION = YES;
				CLANG_WARN_INFINITE_RECURSION = YES;
				CLANG_WARN_INT_CONVERSION = YES;
				CLANG_WARN_NON_LITERAL_NULL_CONVERSION = YES;
				CLANG_WARN_OBJC_IMPLICIT_RETAIN_SELF = YES;
				CLANG_WARN_OBJC_LITERAL_CONVERSION = YES;
				CLANG_WARN_OBJC_ROOT_CLASS = YES_ERROR;
				CLANG_WARN_QUOTED_INCLUDE_IN_FRAMEWORK_HEADER = YES;
				CLANG_WARN_RANGE_LOOP_ANALYSIS = YES;
				CLANG_WARN_STRICT_PROTOTYPES = YES;
				CLANG_WARN_SUSPICIOUS_MOVE = YES;
				CLANG_WARN_UNGUARDED_AVAILABILITY = YES_AGGRESSIVE;
				CLANG_WARN_UNREACHABLE_CODE = YES;
				CLANG_WARN__DUPLICATE_METHOD_MATCH = YES;
				COPY_PHASE_STRIP = NO;
				DEBUG_INFORMATION_FORMAT = dwarf;
				ENABLE_STRICT_OBJC_MSGSEND = YES;
				ENABLE_TESTABILITY = YES;
				GCC_C_LANGUAGE_STANDARD = gnu11;
				GCC_DYNAMIC_NO_PIC = NO;
				GCC_NO_COMMON_BLOCKS = YES;
				GCC_OPTIMIZATION_LEVEL = 0;
				GCC_PREPROCESSOR_DEFINITIONS = (
					"DEBUG=1",
					"$(inherited)",
				);
				GCC_WARN_64_TO_32_BIT_CONVERSION = YES;
				GCC_WARN_ABOUT_RETURN_TYPE = YES_ERROR;
				GCC_WARN_UNDECLARED_SELECTOR = YES;
				GCC_WARN_UNINITIALIZED_AUTOS = YES_AGGRESSIVE;
				GCC_WARN_UNUSED_FUNCTION = YES;
				GCC_WARN_UNUSED_VARIABLE = YES;
				IPHONEOS_DEPLOYMENT_TARGET = 15.0;
				MTL_ENABLE_DEBUG_INFO = INCLUDE_SOURCE;
				MTL_FAST_MATH = YES;
				ONLY_ACTIVE_ARCH = YES;
				SDKROOT = iphoneos;
				SWIFT_ACTIVE_COMPILATION_CONDITIONS = DEBUG;
				SWIFT_OPTIMIZATION_LEVEL = "-Onone";
			};
			name = Debug;
		};
		ACE290A22815D0F7002B0BD8 /* Release */ = {
			isa = XCBuildConfiguration;
			buildSettings = {
				ALWAYS_SEARCH_USER_PATHS = NO;
				CLANG_ANALYZER_LOCALIZABILITY_NONLOCALIZED = YES;
				CLANG_ANALYZER_NONNULL = YES;
				CLANG_ANALYZER_NUMBER_OBJECT_CONVERSION = YES_AGGRESSIVE;
				CLANG_CXX_LANGUAGE_STANDARD = "gnu++17";
				CLANG_ENABLE_MODULES = YES;
				CLANG_ENABLE_OBJC_ARC = YES;
				CLANG_ENABLE_OBJC_WEAK = YES;
				CLANG_WARN_BLOCK_CAPTURE_AUTORELEASING = YES;
				CLANG_WARN_BOOL_CONVERSION = YES;
				CLANG_WARN_COMMA = YES;
				CLANG_WARN_CONSTANT_CONVERSION = YES;
				CLANG_WARN_DEPRECATED_OBJC_IMPLEMENTATIONS = YES;
				CLANG_WARN_DIRECT_OBJC_ISA_USAGE = YES_ERROR;
				CLANG_WARN_DOCUMENTATION_COMMENTS = YES;
				CLANG_WARN_EMPTY_BODY = YES;
				CLANG_WARN_ENUM_CONVERSION = YES;
				CLANG_WARN_INFINITE_RECURSION = YES;
				CLANG_WARN_INT_CONVERSION = YES;
				CLANG_WARN_NON_LITERAL_NULL_CONVERSION = YES;
				CLANG_WARN_OBJC_IMPLICIT_RETAIN_SELF = YES;
				CLANG_WARN_OBJC_LITERAL_CONVERSION = YES;
				CLANG_WARN_OBJC_ROOT_CLASS = YES_ERROR;
				CLANG_WARN_QUOTED_INCLUDE_IN_FRAMEWORK_HEADER = YES;
				CLANG_WARN_RANGE_LOOP_ANALYSIS = YES;
				CLANG_WARN_STRICT_PROTOTYPES = YES;
				CLANG_WARN_SUSPICIOUS_MOVE = YES;
				CLANG_WARN_UNGUARDED_AVAILABILITY = YES_AGGRESSIVE;
				CLANG_WARN_UNREACHABLE_CODE = YES;
				CLANG_WARN__DUPLICATE_METHOD_MATCH = YES;
				COPY_PHASE_STRIP = NO;
				DEBUG_INFORMATION_FORMAT = "dwarf-with-dsym";
				ENABLE_NS_ASSERTIONS = NO;
				ENABLE_STRICT_OBJC_MSGSEND = YES;
				GCC_C_LANGUAGE_STANDARD = gnu11;
				GCC_NO_COMMON_BLOCKS = YES;
				GCC_WARN_64_TO_32_BIT_CONVERSION = YES;
				GCC_WARN_ABOUT_RETURN_TYPE = YES_ERROR;
				GCC_WARN_UNDECLARED_SELECTOR = YES;
				GCC_WARN_UNINITIALIZED_AUTOS = YES_AGGRESSIVE;
				GCC_WARN_UNUSED_FUNCTION = YES;
				GCC_WARN_UNUSED_VARIABLE = YES;
				IPHONEOS_DEPLOYMENT_TARGET = 15.0;
				MTL_ENABLE_DEBUG_INFO = NO;
				MTL_FAST_MATH = YES;
				SDKROOT = iphoneos;
				SWIFT_COMPILATION_MODE = wholemodule;
				SWIFT_OPTIMIZATION_LEVEL = "-O";
				VALIDATE_PRODUCT = YES;
			};
			name = Release;
		};
		ACE290A42815D0F7002B0BD8 /* Debug */ = {
			isa = XCBuildConfiguration;
			buildSettings = {
				ASSETCATALOG_COMPILER_APPICON_NAME = AppIcon;
				ASSETCATALOG_COMPILER_GLOBAL_ACCENT_COLOR_NAME = AccentColor;
				CODE_SIGN_STYLE = Automatic;
				CURRENT_PROJECT_VERSION = 1;
				DEVELOPMENT_TEAM = 8AGC2Z4ZX9;
				ENABLE_PREVIEWS = YES;
				GENERATE_INFOPLIST_FILE = YES;
				INFOPLIST_FILE = Fountains/App/Info.plist;
				INFOPLIST_KEY_UIApplicationSupportsIndirectInputEvents = YES;
				INFOPLIST_KEY_UILaunchScreen_Generation = YES;
				INFOPLIST_KEY_UISupportedInterfaceOrientations_iPad = "UIInterfaceOrientationPortrait UIInterfaceOrientationPortraitUpsideDown UIInterfaceOrientationLandscapeLeft UIInterfaceOrientationLandscapeRight";
				INFOPLIST_KEY_UISupportedInterfaceOrientations_iPhone = "UIInterfaceOrientationPortrait UIInterfaceOrientationLandscapeLeft UIInterfaceOrientationLandscapeRight";
				IPHONEOS_DEPLOYMENT_TARGET = 15.0;
				LD_RUNPATH_SEARCH_PATHS = (
					"$(inherited)",
					"@executable_path/Frameworks",
				);
				MARKETING_VERSION = 1.0;
				OTHER_LDFLAGS = (
					"$(inherited)",
					"-framework",
					WaterFountains,
				);
				PRODUCT_BUNDLE_IDENTIFIER = mn.Fountains;
				PRODUCT_NAME = "$(TARGET_NAME)";
				SWIFT_EMIT_LOC_STRINGS = YES;
				SWIFT_VERSION = 5.0;
				TARGETED_DEVICE_FAMILY = "1,2";
			};
			name = Debug;
		};
		ACE290A52815D0F7002B0BD8 /* Release */ = {
			isa = XCBuildConfiguration;
			buildSettings = {
				ASSETCATALOG_COMPILER_APPICON_NAME = AppIcon;
				ASSETCATALOG_COMPILER_GLOBAL_ACCENT_COLOR_NAME = AccentColor;
				CODE_SIGN_STYLE = Automatic;
				CURRENT_PROJECT_VERSION = 1;
				DEVELOPMENT_TEAM = 8AGC2Z4ZX9;
				ENABLE_PREVIEWS = YES;
				GENERATE_INFOPLIST_FILE = YES;
				INFOPLIST_FILE = Fountains/App/Info.plist;
				INFOPLIST_KEY_UIApplicationSupportsIndirectInputEvents = YES;
				INFOPLIST_KEY_UILaunchScreen_Generation = YES;
				INFOPLIST_KEY_UISupportedInterfaceOrientations_iPad = "UIInterfaceOrientationPortrait UIInterfaceOrientationPortraitUpsideDown UIInterfaceOrientationLandscapeLeft UIInterfaceOrientationLandscapeRight";
				INFOPLIST_KEY_UISupportedInterfaceOrientations_iPhone = "UIInterfaceOrientationPortrait UIInterfaceOrientationLandscapeLeft UIInterfaceOrientationLandscapeRight";
				IPHONEOS_DEPLOYMENT_TARGET = 15.0;
				LD_RUNPATH_SEARCH_PATHS = (
					"$(inherited)",
					"@executable_path/Frameworks",
				);
				MARKETING_VERSION = 1.0;
				OTHER_LDFLAGS = (
					"$(inherited)",
					"-framework",
					WaterFountains,
				);
				PRODUCT_BUNDLE_IDENTIFIER = mn.Fountains;
				PRODUCT_NAME = "$(TARGET_NAME)";
				SWIFT_EMIT_LOC_STRINGS = YES;
				SWIFT_VERSION = 5.0;
				TARGETED_DEVICE_FAMILY = "1,2";
			};
			name = Release;
		};
/* End XCBuildConfiguration section */

/* Begin XCConfigurationList section */
		ACE290902815D0F6002B0BD8 /* Build configuration list for PBXProject "Fountains" */ = {
			isa = XCConfigurationList;
			buildConfigurations = (
				ACE290A12815D0F7002B0BD8 /* Debug */,
				ACE290A22815D0F7002B0BD8 /* Release */,
			);
			defaultConfigurationIsVisible = 0;
			defaultConfigurationName = Release;
		};
		ACE290A32815D0F7002B0BD8 /* Build configuration list for PBXNativeTarget "Fountains" */ = {
			isa = XCConfigurationList;
			buildConfigurations = (
				ACE290A42815D0F7002B0BD8 /* Debug */,
				ACE290A52815D0F7002B0BD8 /* Release */,
			);
			defaultConfigurationIsVisible = 0;
			defaultConfigurationName = Release;
		};
/* End XCConfigurationList section */

/* Begin XCSwiftPackageProductDependency section */
		ACCF53C52815D52500D62A53 /* DomainLayer */ = {
			isa = XCSwiftPackageProductDependency;
			productName = DomainLayer;
		};
		ACD2756C2816DA8D007B70FB /* CommonLayer */ = {
			isa = XCSwiftPackageProductDependency;
			productName = CommonLayer;
		};
/* End XCSwiftPackageProductDependency section */
	};
	rootObject = ACE2908D2815D0F6002B0BD8 /* Project object */;
}
