// !$*UTF8*$!
{
	archiveVersion = 1;
	classes = {
	};
	objectVersion = 55;
	objects = {

/* Begin PBXBuildFile section */
		AC1D6BA62AFE33F200A88F7B /* AppInfoViewModel.swift in Sources */ = {isa = PBXBuildFile; fileRef = AC1D6BA52AFE33F200A88F7B /* AppInfoViewModel.swift */; };
		AC1D6BA92AFE340000A88F7B /* AppsShowcase in Frameworks */ = {isa = PBXBuildFile; productRef = AC1D6BA82AFE340000A88F7B /* AppsShowcase */; };
		AC238EB72AFE2289006B2390 /* Localizable.xcstrings in Resources */ = {isa = PBXBuildFile; fileRef = AC238EB62AFE2288006B2390 /* Localizable.xcstrings */; };
		AC2D614C2AFA4B4600594061 /* NeedsLocationBannerView.swift in Sources */ = {isa = PBXBuildFile; fileRef = AC2D614B2AFA4B4600594061 /* NeedsLocationBannerView.swift */; };
		AC33C29129DC7B2200102883 /* DeviceShakeViewModifier.swift in Sources */ = {isa = PBXBuildFile; fileRef = AC33C29029DC7B2200102883 /* DeviceShakeViewModifier.swift */; };
		AC33C29329DC7B9500102883 /* UIWindow+Extensions.swift in Sources */ = {isa = PBXBuildFile; fileRef = AC33C29229DC7B9500102883 /* UIWindow+Extensions.swift */; };
		AC45685729DD77D1009CAD02 /* AdmobViewModifier.swift in Sources */ = {isa = PBXBuildFile; fileRef = AC45685629DD77D1009CAD02 /* AdmobViewModifier.swift */; };
		AC45685A29DD7851009CAD02 /* GoogleMobileAds in Frameworks */ = {isa = PBXBuildFile; productRef = AC45685929DD7851009CAD02 /* GoogleMobileAds */; };
		AC45685C29DD7C58009CAD02 /* AdView.swift in Sources */ = {isa = PBXBuildFile; fileRef = AC45685B29DD7C58009CAD02 /* AdView.swift */; };
		AC4B038729D72AA3008946C9 /* FountainDetailViewModel.swift in Sources */ = {isa = PBXBuildFile; fileRef = AC4B038629D72AA3008946C9 /* FountainDetailViewModel.swift */; };
		AC4B038929D72B83008946C9 /* FountainDetailCoordinator.swift in Sources */ = {isa = PBXBuildFile; fileRef = AC4B038829D72B83008946C9 /* FountainDetailCoordinator.swift */; };
		AC4C185929F13E9100226FDE /* NotchLogoKit in Frameworks */ = {isa = PBXBuildFile; productRef = AC4C185829F13E9100226FDE /* NotchLogoKit */; };
		AC4FF8C229D98177003B41BF /* AppInfoCoordinator.swift in Sources */ = {isa = PBXBuildFile; fileRef = AC4FF8C129D98177003B41BF /* AppInfoCoordinator.swift */; };
		AC4FF8C429D98186003B41BF /* AppInfoScreen.swift in Sources */ = {isa = PBXBuildFile; fileRef = AC4FF8C329D98186003B41BF /* AppInfoScreen.swift */; };
		AC4FF8C829D984B2003B41BF /* AppInfoLabel.swift in Sources */ = {isa = PBXBuildFile; fileRef = AC4FF8C729D984B2003B41BF /* AppInfoLabel.swift */; };
		AC4FF8CB29D9887B003B41BF /* CloseButton.swift in Sources */ = {isa = PBXBuildFile; fileRef = AC4FF8CA29D9887B003B41BF /* CloseButton.swift */; };
		AC4FF8CD29D98BED003B41BF /* MapCoordinator.swift in Sources */ = {isa = PBXBuildFile; fileRef = AC4FF8CC29D98BED003B41BF /* MapCoordinator.swift */; };
		AC54D0472B13781E00785512 /* MapView.swift in Sources */ = {isa = PBXBuildFile; fileRef = AC54D0462B13781E00785512 /* MapView.swift */; };
		AC7A72D82B13A5CC008AB25C /* MapCluster in Frameworks */ = {isa = PBXBuildFile; productRef = AC7A72D72B13A5CC008AB25C /* MapCluster */; };
		ACADD55E2B12215B001D1CD1 /* HelperKit in Frameworks */ = {isa = PBXBuildFile; productRef = ACADD55D2B12215B001D1CD1 /* HelperKit */; };
		ACB6DB112B1120AF0038CAF0 /* AppsShowcase in Frameworks */ = {isa = PBXBuildFile; productRef = ACB6DB102B1120AF0038CAF0 /* AppsShowcase */; };
		ACC8E2E229DB41DD00B92C86 /* InfoPlist.strings in Resources */ = {isa = PBXBuildFile; fileRef = ACC8E2E429DB41DD00B92C86 /* InfoPlist.strings */; };
		ACCE471529D73335008167D6 /* FountainPropertyRow.swift in Sources */ = {isa = PBXBuildFile; fileRef = ACCE471429D73335008167D6 /* FountainPropertyRow.swift */; };
		ACCF53C62815D52500D62A53 /* DomainLayer in Frameworks */ = {isa = PBXBuildFile; productRef = ACCF53C52815D52500D62A53 /* DomainLayer */; };
		ACCF53C92815D58400D62A53 /* MapScreen.swift in Sources */ = {isa = PBXBuildFile; fileRef = ACCF53C82815D58400D62A53 /* MapScreen.swift */; };
		ACCF53CB2815D5D800D62A53 /* MapViewModel.swift in Sources */ = {isa = PBXBuildFile; fileRef = ACCF53CA2815D5D800D62A53 /* MapViewModel.swift */; };
		ACCFBE472816030900319CCB /* FountainDetailScreen.swift in Sources */ = {isa = PBXBuildFile; fileRef = ACCFBE462816030900319CCB /* FountainDetailScreen.swift */; };
		ACE290992815D0F6002B0BD8 /* FountainsApp.swift in Sources */ = {isa = PBXBuildFile; fileRef = ACE290982815D0F6002B0BD8 /* FountainsApp.swift */; };
		ACE2909B2815D0F6002B0BD8 /* ContentView.swift in Sources */ = {isa = PBXBuildFile; fileRef = ACE2909A2815D0F6002B0BD8 /* ContentView.swift */; };
		ACE2909D2815D0F7002B0BD8 /* Assets.xcassets in Resources */ = {isa = PBXBuildFile; fileRef = ACE2909C2815D0F7002B0BD8 /* Assets.xcassets */; };
		ACE425A02ADFF1A800241FE0 /* MapFountainMarker.swift in Sources */ = {isa = PBXBuildFile; fileRef = ACE4259F2ADFF1A800241FE0 /* MapFountainMarker.swift */; };
		ACF53A9C2A32281300D8BC78 /* AppDelegate.swift in Sources */ = {isa = PBXBuildFile; fileRef = ACF53A9B2A32281300D8BC78 /* AppDelegate.swift */; };
		ACF53A9E2A32283B00D8BC78 /* SceneDelegate.swift in Sources */ = {isa = PBXBuildFile; fileRef = ACF53A9D2A32283B00D8BC78 /* SceneDelegate.swift */; };
		ACF96E1429E58A4100F71F20 /* ContentRow.swift in Sources */ = {isa = PBXBuildFile; fileRef = ACF96E1329E58A4100F71F20 /* ContentRow.swift */; };
/* End PBXBuildFile section */

/* Begin PBXFileReference section */
		AC1D6BA52AFE33F200A88F7B /* AppInfoViewModel.swift */ = {isa = PBXFileReference; lastKnownFileType = sourcecode.swift; path = AppInfoViewModel.swift; sourceTree = "<group>"; };
		AC238EB62AFE2288006B2390 /* Localizable.xcstrings */ = {isa = PBXFileReference; lastKnownFileType = text.json.xcstrings; path = Localizable.xcstrings; sourceTree = "<group>"; };
		AC2D614B2AFA4B4600594061 /* NeedsLocationBannerView.swift */ = {isa = PBXFileReference; lastKnownFileType = sourcecode.swift; path = NeedsLocationBannerView.swift; sourceTree = "<group>"; };
		AC33C29029DC7B2200102883 /* DeviceShakeViewModifier.swift */ = {isa = PBXFileReference; lastKnownFileType = sourcecode.swift; path = DeviceShakeViewModifier.swift; sourceTree = "<group>"; };
		AC33C29229DC7B9500102883 /* UIWindow+Extensions.swift */ = {isa = PBXFileReference; lastKnownFileType = sourcecode.swift; path = "UIWindow+Extensions.swift"; sourceTree = "<group>"; };
		AC364FDB299CEEA5005C93E8 /* Info.plist */ = {isa = PBXFileReference; lastKnownFileType = text.plist.xml; path = Info.plist; sourceTree = "<group>"; };
		AC45685629DD77D1009CAD02 /* AdmobViewModifier.swift */ = {isa = PBXFileReference; lastKnownFileType = sourcecode.swift; path = AdmobViewModifier.swift; sourceTree = "<group>"; };
		AC45685B29DD7C58009CAD02 /* AdView.swift */ = {isa = PBXFileReference; lastKnownFileType = sourcecode.swift; path = AdView.swift; sourceTree = "<group>"; };
		AC4B038629D72AA3008946C9 /* FountainDetailViewModel.swift */ = {isa = PBXFileReference; lastKnownFileType = sourcecode.swift; path = FountainDetailViewModel.swift; sourceTree = "<group>"; };
		AC4B038829D72B83008946C9 /* FountainDetailCoordinator.swift */ = {isa = PBXFileReference; lastKnownFileType = sourcecode.swift; path = FountainDetailCoordinator.swift; sourceTree = "<group>"; };
		AC4FF8C129D98177003B41BF /* AppInfoCoordinator.swift */ = {isa = PBXFileReference; lastKnownFileType = sourcecode.swift; path = AppInfoCoordinator.swift; sourceTree = "<group>"; };
		AC4FF8C329D98186003B41BF /* AppInfoScreen.swift */ = {isa = PBXFileReference; lastKnownFileType = sourcecode.swift; path = AppInfoScreen.swift; sourceTree = "<group>"; };
		AC4FF8C729D984B2003B41BF /* AppInfoLabel.swift */ = {isa = PBXFileReference; lastKnownFileType = sourcecode.swift; path = AppInfoLabel.swift; sourceTree = "<group>"; };
		AC4FF8CA29D9887B003B41BF /* CloseButton.swift */ = {isa = PBXFileReference; lastKnownFileType = sourcecode.swift; path = CloseButton.swift; sourceTree = "<group>"; };
		AC4FF8CC29D98BED003B41BF /* MapCoordinator.swift */ = {isa = PBXFileReference; lastKnownFileType = sourcecode.swift; path = MapCoordinator.swift; sourceTree = "<group>"; };
		AC54D0462B13781E00785512 /* MapView.swift */ = {isa = PBXFileReference; lastKnownFileType = sourcecode.swift; path = MapView.swift; sourceTree = "<group>"; };
		ACC8E2E329DB41DD00B92C86 /* en */ = {isa = PBXFileReference; lastKnownFileType = text.plist.strings; name = en; path = en.lproj/InfoPlist.strings; sourceTree = "<group>"; };
		ACC8E2E529DB41E300B92C86 /* es */ = {isa = PBXFileReference; lastKnownFileType = text.plist.strings; name = es; path = es.lproj/InfoPlist.strings; sourceTree = "<group>"; };
		ACCE471429D73335008167D6 /* FountainPropertyRow.swift */ = {isa = PBXFileReference; lastKnownFileType = sourcecode.swift; path = FountainPropertyRow.swift; sourceTree = "<group>"; };
		ACCF53C82815D58400D62A53 /* MapScreen.swift */ = {isa = PBXFileReference; lastKnownFileType = sourcecode.swift; path = MapScreen.swift; sourceTree = "<group>"; };
		ACCF53CA2815D5D800D62A53 /* MapViewModel.swift */ = {isa = PBXFileReference; lastKnownFileType = sourcecode.swift; path = MapViewModel.swift; sourceTree = "<group>"; };
		ACCFBE462816030900319CCB /* FountainDetailScreen.swift */ = {isa = PBXFileReference; lastKnownFileType = sourcecode.swift; path = FountainDetailScreen.swift; sourceTree = "<group>"; };
		ACE290952815D0F6002B0BD8 /* Fountains.app */ = {isa = PBXFileReference; explicitFileType = wrapper.application; includeInIndex = 0; path = Fountains.app; sourceTree = BUILT_PRODUCTS_DIR; };
		ACE290982815D0F6002B0BD8 /* FountainsApp.swift */ = {isa = PBXFileReference; lastKnownFileType = sourcecode.swift; path = FountainsApp.swift; sourceTree = "<group>"; };
		ACE2909A2815D0F6002B0BD8 /* ContentView.swift */ = {isa = PBXFileReference; lastKnownFileType = sourcecode.swift; path = ContentView.swift; sourceTree = "<group>"; };
		ACE2909C2815D0F7002B0BD8 /* Assets.xcassets */ = {isa = PBXFileReference; lastKnownFileType = folder.assetcatalog; path = Assets.xcassets; sourceTree = "<group>"; };
		ACE290A62815D227002B0BD8 /* DomainLayer */ = {isa = PBXFileReference; lastKnownFileType = wrapper; path = DomainLayer; sourceTree = "<group>"; };
		ACE4259F2ADFF1A800241FE0 /* MapFountainMarker.swift */ = {isa = PBXFileReference; lastKnownFileType = sourcecode.swift; path = MapFountainMarker.swift; sourceTree = "<group>"; };
		ACF53A9B2A32281300D8BC78 /* AppDelegate.swift */ = {isa = PBXFileReference; lastKnownFileType = sourcecode.swift; path = AppDelegate.swift; sourceTree = "<group>"; };
		ACF53A9D2A32283B00D8BC78 /* SceneDelegate.swift */ = {isa = PBXFileReference; lastKnownFileType = sourcecode.swift; path = SceneDelegate.swift; sourceTree = "<group>"; };
		ACF96E1329E58A4100F71F20 /* ContentRow.swift */ = {isa = PBXFileReference; lastKnownFileType = sourcecode.swift; path = ContentRow.swift; sourceTree = "<group>"; };
/* End PBXFileReference section */

/* Begin PBXFrameworksBuildPhase section */
		ACE290922815D0F6002B0BD8 /* Frameworks */ = {
			isa = PBXFrameworksBuildPhase;
			buildActionMask = 2147483647;
			files = (
				ACADD55E2B12215B001D1CD1 /* HelperKit in Frameworks */,
				ACB6DB112B1120AF0038CAF0 /* AppsShowcase in Frameworks */,
				AC7A72D82B13A5CC008AB25C /* MapCluster in Frameworks */,
				AC4C185929F13E9100226FDE /* NotchLogoKit in Frameworks */,
				ACCF53C62815D52500D62A53 /* DomainLayer in Frameworks */,
				AC45685A29DD7851009CAD02 /* GoogleMobileAds in Frameworks */,
				AC1D6BA92AFE340000A88F7B /* AppsShowcase in Frameworks */,
			);
			runOnlyForDeploymentPostprocessing = 0;
		};
/* End PBXFrameworksBuildPhase section */

/* Begin PBXGroup section */
		AC33C28F29DC7B0900102883 /* Modifiers */ = {
			isa = PBXGroup;
			children = (
				AC45685629DD77D1009CAD02 /* AdmobViewModifier.swift */,
				AC33C29029DC7B2200102883 /* DeviceShakeViewModifier.swift */,
			);
			path = Modifiers;
			sourceTree = "<group>";
		};
		AC4FF8C029D9813D003B41BF /* Info */ = {
			isa = PBXGroup;
			children = (
				AC4FF8C129D98177003B41BF /* AppInfoCoordinator.swift */,
				AC4FF8C729D984B2003B41BF /* AppInfoLabel.swift */,
				AC4FF8C329D98186003B41BF /* AppInfoScreen.swift */,
				AC1D6BA52AFE33F200A88F7B /* AppInfoViewModel.swift */,
			);
			path = Info;
			sourceTree = "<group>";
		};
		AC4FF8C929D9886C003B41BF /* Views */ = {
			isa = PBXGroup;
			children = (
				AC45685B29DD7C58009CAD02 /* AdView.swift */,
				AC4FF8CA29D9887B003B41BF /* CloseButton.swift */,
				ACF96E1329E58A4100F71F20 /* ContentRow.swift */,
				AC2D614B2AFA4B4600594061 /* NeedsLocationBannerView.swift */,
			);
			path = Views;
			sourceTree = "<group>";
		};
		AC7A7177285A2B1C00BB0802 /* Strings */ = {
			isa = PBXGroup;
			children = (
				AC238EB62AFE2288006B2390 /* Localizable.xcstrings */,
				ACC8E2E429DB41DD00B92C86 /* InfoPlist.strings */,
			);
			path = Strings;
			sourceTree = "<group>";
		};
		ACCE471329D732C2008167D6 /* Views */ = {
			isa = PBXGroup;
			children = (
				ACCE471429D73335008167D6 /* FountainPropertyRow.swift */,
			);
			path = Views;
			sourceTree = "<group>";
		};
		ACCF53C72815D52F00D62A53 /* Screens */ = {
			isa = PBXGroup;
			children = (
				ACCFBE45281602E500319CCB /* FountainDetail */,
				AC4FF8C029D9813D003B41BF /* Info */,
				ACEE77CC2815EC0200340A88 /* Map */,
			);
			path = Screens;
			sourceTree = "<group>";
		};
		ACCFBE45281602E500319CCB /* FountainDetail */ = {
			isa = PBXGroup;
			children = (
				ACCE471329D732C2008167D6 /* Views */,
				AC4B038829D72B83008946C9 /* FountainDetailCoordinator.swift */,
				ACCFBE462816030900319CCB /* FountainDetailScreen.swift */,
				AC4B038629D72AA3008946C9 /* FountainDetailViewModel.swift */,
			);
			path = FountainDetail;
			sourceTree = "<group>";
		};
		ACE2908C2815D0F6002B0BD8 = {
			isa = PBXGroup;
			children = (
				ACE290A62815D227002B0BD8 /* DomainLayer */,
				ACE290972815D0F6002B0BD8 /* Fountains */,
				ACE290962815D0F6002B0BD8 /* Products */,
			);
			sourceTree = "<group>";
		};
		ACE290962815D0F6002B0BD8 /* Products */ = {
			isa = PBXGroup;
			children = (
				ACE290952815D0F6002B0BD8 /* Fountains.app */,
			);
			name = Products;
			sourceTree = "<group>";
		};
		ACE290972815D0F6002B0BD8 /* Fountains */ = {
			isa = PBXGroup;
			children = (
				ACEE77CB2815EB6F00340A88 /* App */,
				AC33C28F29DC7B0900102883 /* Modifiers */,
				ACCF53C72815D52F00D62A53 /* Screens */,
				AC7A7177285A2B1C00BB0802 /* Strings */,
				AC4FF8C929D9886C003B41BF /* Views */,
				ACE2909C2815D0F7002B0BD8 /* Assets.xcassets */,
			);
			path = Fountains;
			sourceTree = "<group>";
		};
		ACEE77CB2815EB6F00340A88 /* App */ = {
			isa = PBXGroup;
			children = (
				ACF53A9B2A32281300D8BC78 /* AppDelegate.swift */,
				ACE2909A2815D0F6002B0BD8 /* ContentView.swift */,
				ACE290982815D0F6002B0BD8 /* FountainsApp.swift */,
				AC364FDB299CEEA5005C93E8 /* Info.plist */,
				ACF53A9D2A32283B00D8BC78 /* SceneDelegate.swift */,
				AC33C29229DC7B9500102883 /* UIWindow+Extensions.swift */,
			);
			path = App;
			sourceTree = "<group>";
		};
		ACEE77CC2815EC0200340A88 /* Map */ = {
			isa = PBXGroup;
			children = (
				AC4FF8CC29D98BED003B41BF /* MapCoordinator.swift */,
				ACE4259F2ADFF1A800241FE0 /* MapFountainMarker.swift */,
				ACCF53C82815D58400D62A53 /* MapScreen.swift */,
				ACCF53CA2815D5D800D62A53 /* MapViewModel.swift */,
				AC54D0462B13781E00785512 /* MapView.swift */,
			);
			path = Map;
			sourceTree = "<group>";
		};
/* End PBXGroup section */

/* Begin PBXNativeTarget section */
		ACE290942815D0F6002B0BD8 /* Fountains */ = {
			isa = PBXNativeTarget;
			buildConfigurationList = ACE290A32815D0F7002B0BD8 /* Build configuration list for PBXNativeTarget "Fountains" */;
			buildPhases = (
				ACE290912815D0F6002B0BD8 /* Sources */,
				ACE290922815D0F6002B0BD8 /* Frameworks */,
				ACE290932815D0F6002B0BD8 /* Resources */,
			);
			buildRules = (
			);
			dependencies = (
				ACCE78702B05369700F12B6B /* PBXTargetDependency */,
			);
			name = Fountains;
			packageProductDependencies = (
				ACCF53C52815D52500D62A53 /* DomainLayer */,
				AC45685929DD7851009CAD02 /* GoogleMobileAds */,
				AC4C185829F13E9100226FDE /* NotchLogoKit */,
				AC1D6BA82AFE340000A88F7B /* AppsShowcase */,
				ACB6DB102B1120AF0038CAF0 /* AppsShowcase */,
				ACADD55D2B12215B001D1CD1 /* HelperKit */,
				AC7A72D72B13A5CC008AB25C /* MapCluster */,
			);
			productName = Fountains;
			productReference = ACE290952815D0F6002B0BD8 /* Fountains.app */;
			productType = "com.apple.product-type.application";
		};
/* End PBXNativeTarget section */

/* Begin PBXProject section */
		ACE2908D2815D0F6002B0BD8 /* Project object */ = {
			isa = PBXProject;
			attributes = {
				BuildIndependentTargetsInParallel = 1;
				LastSwiftUpdateCheck = 1330;
				LastUpgradeCheck = 1500;
				TargetAttributes = {
					ACE290942815D0F6002B0BD8 = {
						CreatedOnToolsVersion = 13.3;
					};
				};
			};
			buildConfigurationList = ACE290902815D0F6002B0BD8 /* Build configuration list for PBXProject "Fountains" */;
			compatibilityVersion = "Xcode 13.0";
			developmentRegion = en;
			hasScannedForEncodings = 0;
			knownRegions = (
				en,
				Base,
				es,
			);
			mainGroup = ACE2908C2815D0F6002B0BD8;
			packageReferences = (
				AC45685329DD75EC009CAD02 /* XCRemoteSwiftPackageReference "swift-package-manager-google-mobile-ads" */,
				AC4C185729F13E9100226FDE /* XCRemoteSwiftPackageReference "NotchLogoKit" */,
				ACCE786E2B05367B00F12B6B /* XCRemoteSwiftPackageReference "SwiftLint" */,
				ACB6DB0F2B1120AF0038CAF0 /* XCRemoteSwiftPackageReference "apps-showcase-list" */,
				ACADD55C2B12215B001D1CD1 /* XCRemoteSwiftPackageReference "HelperKit" */,
				AC7A72D62B13A5CC008AB25C /* XCRemoteSwiftPackageReference "swift-map-cluster" */,
			);
			productRefGroup = ACE290962815D0F6002B0BD8 /* Products */;
			projectDirPath = "";
			projectRoot = "";
			targets = (
				ACE290942815D0F6002B0BD8 /* Fountains */,
			);
		};
/* End PBXProject section */

/* Begin PBXResourcesBuildPhase section */
		ACE290932815D0F6002B0BD8 /* Resources */ = {
			isa = PBXResourcesBuildPhase;
			buildActionMask = 2147483647;
			files = (
				ACE2909D2815D0F7002B0BD8 /* Assets.xcassets in Resources */,
				ACC8E2E229DB41DD00B92C86 /* InfoPlist.strings in Resources */,
				AC238EB72AFE2289006B2390 /* Localizable.xcstrings in Resources */,
			);
			runOnlyForDeploymentPostprocessing = 0;
		};
/* End PBXResourcesBuildPhase section */

/* Begin PBXSourcesBuildPhase section */
		ACE290912815D0F6002B0BD8 /* Sources */ = {
			isa = PBXSourcesBuildPhase;
			buildActionMask = 2147483647;
			files = (
				AC4FF8C229D98177003B41BF /* AppInfoCoordinator.swift in Sources */,
				AC54D0472B13781E00785512 /* MapView.swift in Sources */,
				ACCF53C92815D58400D62A53 /* MapScreen.swift in Sources */,
				ACCFBE472816030900319CCB /* FountainDetailScreen.swift in Sources */,
				AC4FF8C429D98186003B41BF /* AppInfoScreen.swift in Sources */,
				ACCE471529D73335008167D6 /* FountainPropertyRow.swift in Sources */,
				ACE2909B2815D0F6002B0BD8 /* ContentView.swift in Sources */,
				ACF53A9E2A32283B00D8BC78 /* SceneDelegate.swift in Sources */,
				ACE425A02ADFF1A800241FE0 /* MapFountainMarker.swift in Sources */,
				ACE290992815D0F6002B0BD8 /* FountainsApp.swift in Sources */,
				AC1D6BA62AFE33F200A88F7B /* AppInfoViewModel.swift in Sources */,
				AC4FF8CD29D98BED003B41BF /* MapCoordinator.swift in Sources */,
				ACCF53CB2815D5D800D62A53 /* MapViewModel.swift in Sources */,
				AC33C29329DC7B9500102883 /* UIWindow+Extensions.swift in Sources */,
				AC33C29129DC7B2200102883 /* DeviceShakeViewModifier.swift in Sources */,
				AC4B038929D72B83008946C9 /* FountainDetailCoordinator.swift in Sources */,
				AC45685C29DD7C58009CAD02 /* AdView.swift in Sources */,
				AC2D614C2AFA4B4600594061 /* NeedsLocationBannerView.swift in Sources */,
				ACF96E1429E58A4100F71F20 /* ContentRow.swift in Sources */,
				AC4FF8CB29D9887B003B41BF /* CloseButton.swift in Sources */,
				AC4FF8C829D984B2003B41BF /* AppInfoLabel.swift in Sources */,
				ACF53A9C2A32281300D8BC78 /* AppDelegate.swift in Sources */,
				AC4B038729D72AA3008946C9 /* FountainDetailViewModel.swift in Sources */,
				AC45685729DD77D1009CAD02 /* AdmobViewModifier.swift in Sources */,
			);
			runOnlyForDeploymentPostprocessing = 0;
		};
/* End PBXSourcesBuildPhase section */

/* Begin PBXTargetDependency section */
		ACCE78702B05369700F12B6B /* PBXTargetDependency */ = {
			isa = PBXTargetDependency;
			productRef = ACCE786F2B05369700F12B6B /* SwiftLintPlugin */;
		};
/* End PBXTargetDependency section */

/* Begin PBXVariantGroup section */
		ACC8E2E429DB41DD00B92C86 /* InfoPlist.strings */ = {
			isa = PBXVariantGroup;
			children = (
				ACC8E2E329DB41DD00B92C86 /* en */,
				ACC8E2E529DB41E300B92C86 /* es */,
			);
			name = InfoPlist.strings;
			sourceTree = "<group>";
		};
/* End PBXVariantGroup section */

/* Begin XCBuildConfiguration section */
		ACE290A12815D0F7002B0BD8 /* Debug */ = {
			isa = XCBuildConfiguration;
			buildSettings = {
				ALWAYS_SEARCH_USER_PATHS = NO;
				ASSETCATALOG_COMPILER_GENERATE_SWIFT_ASSET_SYMBOL_EXTENSIONS = YES;
				CLANG_ANALYZER_LOCALIZABILITY_NONLOCALIZED = YES;
				CLANG_ANALYZER_NONNULL = YES;
				CLANG_ANALYZER_NUMBER_OBJECT_CONVERSION = YES_AGGRESSIVE;
				CLANG_CXX_LANGUAGE_STANDARD = "gnu++17";
				CLANG_ENABLE_MODULES = YES;
				CLANG_ENABLE_OBJC_ARC = YES;
				CLANG_ENABLE_OBJC_WEAK = YES;
				CLANG_WARN_BLOCK_CAPTURE_AUTORELEASING = YES;
				CLANG_WARN_BOOL_CONVERSION = YES;
				CLANG_WARN_COMMA = YES;
				CLANG_WARN_CONSTANT_CONVERSION = YES;
				CLANG_WARN_DEPRECATED_OBJC_IMPLEMENTATIONS = YES;
				CLANG_WARN_DIRECT_OBJC_ISA_USAGE = YES_ERROR;
				CLANG_WARN_DOCUMENTATION_COMMENTS = YES;
				CLANG_WARN_EMPTY_BODY = YES;
				CLANG_WARN_ENUM_CONVERSION = YES;
				CLANG_WARN_INFINITE_RECURSION = YES;
				CLANG_WARN_INT_CONVERSION = YES;
				CLANG_WARN_NON_LITERAL_NULL_CONVERSION = YES;
				CLANG_WARN_OBJC_IMPLICIT_RETAIN_SELF = YES;
				CLANG_WARN_OBJC_LITERAL_CONVERSION = YES;
				CLANG_WARN_OBJC_ROOT_CLASS = YES_ERROR;
				CLANG_WARN_QUOTED_INCLUDE_IN_FRAMEWORK_HEADER = YES;
				CLANG_WARN_RANGE_LOOP_ANALYSIS = YES;
				CLANG_WARN_STRICT_PROTOTYPES = YES;
				CLANG_WARN_SUSPICIOUS_MOVE = YES;
				CLANG_WARN_UNGUARDED_AVAILABILITY = YES_AGGRESSIVE;
				CLANG_WARN_UNREACHABLE_CODE = YES;
				CLANG_WARN__DUPLICATE_METHOD_MATCH = YES;
				COPY_PHASE_STRIP = NO;
				DEBUG_INFORMATION_FORMAT = dwarf;
				ENABLE_STRICT_OBJC_MSGSEND = YES;
				ENABLE_TESTABILITY = YES;
				ENABLE_USER_SCRIPT_SANDBOXING = YES;
				GCC_C_LANGUAGE_STANDARD = gnu11;
				GCC_DYNAMIC_NO_PIC = NO;
				GCC_NO_COMMON_BLOCKS = YES;
				GCC_OPTIMIZATION_LEVEL = 0;
				GCC_PREPROCESSOR_DEFINITIONS = (
					"DEBUG=1",
					"$(inherited)",
				);
				GCC_WARN_64_TO_32_BIT_CONVERSION = YES;
				GCC_WARN_ABOUT_RETURN_TYPE = YES_ERROR;
				GCC_WARN_UNDECLARED_SELECTOR = YES;
				GCC_WARN_UNINITIALIZED_AUTOS = YES_AGGRESSIVE;
				GCC_WARN_UNUSED_FUNCTION = YES;
				GCC_WARN_UNUSED_VARIABLE = YES;
				IPHONEOS_DEPLOYMENT_TARGET = 15.0;
				MTL_ENABLE_DEBUG_INFO = INCLUDE_SOURCE;
				MTL_FAST_MATH = YES;
				ONLY_ACTIVE_ARCH = YES;
				SDKROOT = iphoneos;
				SWIFT_ACTIVE_COMPILATION_CONDITIONS = DEBUG;
				SWIFT_OPTIMIZATION_LEVEL = "-Onone";
			};
			name = Debug;
		};
		ACE290A22815D0F7002B0BD8 /* Release */ = {
			isa = XCBuildConfiguration;
			buildSettings = {
				ALWAYS_SEARCH_USER_PATHS = NO;
				ASSETCATALOG_COMPILER_GENERATE_SWIFT_ASSET_SYMBOL_EXTENSIONS = YES;
				CLANG_ANALYZER_LOCALIZABILITY_NONLOCALIZED = YES;
				CLANG_ANALYZER_NONNULL = YES;
				CLANG_ANALYZER_NUMBER_OBJECT_CONVERSION = YES_AGGRESSIVE;
				CLANG_CXX_LANGUAGE_STANDARD = "gnu++17";
				CLANG_ENABLE_MODULES = YES;
				CLANG_ENABLE_OBJC_ARC = YES;
				CLANG_ENABLE_OBJC_WEAK = YES;
				CLANG_WARN_BLOCK_CAPTURE_AUTORELEASING = YES;
				CLANG_WARN_BOOL_CONVERSION = YES;
				CLANG_WARN_COMMA = YES;
				CLANG_WARN_CONSTANT_CONVERSION = YES;
				CLANG_WARN_DEPRECATED_OBJC_IMPLEMENTATIONS = YES;
				CLANG_WARN_DIRECT_OBJC_ISA_USAGE = YES_ERROR;
				CLANG_WARN_DOCUMENTATION_COMMENTS = YES;
				CLANG_WARN_EMPTY_BODY = YES;
				CLANG_WARN_ENUM_CONVERSION = YES;
				CLANG_WARN_INFINITE_RECURSION = YES;
				CLANG_WARN_INT_CONVERSION = YES;
				CLANG_WARN_NON_LITERAL_NULL_CONVERSION = YES;
				CLANG_WARN_OBJC_IMPLICIT_RETAIN_SELF = YES;
				CLANG_WARN_OBJC_LITERAL_CONVERSION = YES;
				CLANG_WARN_OBJC_ROOT_CLASS = YES_ERROR;
				CLANG_WARN_QUOTED_INCLUDE_IN_FRAMEWORK_HEADER = YES;
				CLANG_WARN_RANGE_LOOP_ANALYSIS = YES;
				CLANG_WARN_STRICT_PROTOTYPES = YES;
				CLANG_WARN_SUSPICIOUS_MOVE = YES;
				CLANG_WARN_UNGUARDED_AVAILABILITY = YES_AGGRESSIVE;
				CLANG_WARN_UNREACHABLE_CODE = YES;
				CLANG_WARN__DUPLICATE_METHOD_MATCH = YES;
				COPY_PHASE_STRIP = NO;
				DEBUG_INFORMATION_FORMAT = "dwarf-with-dsym";
				ENABLE_NS_ASSERTIONS = NO;
				ENABLE_STRICT_OBJC_MSGSEND = YES;
				ENABLE_USER_SCRIPT_SANDBOXING = YES;
				GCC_C_LANGUAGE_STANDARD = gnu11;
				GCC_NO_COMMON_BLOCKS = YES;
				GCC_WARN_64_TO_32_BIT_CONVERSION = YES;
				GCC_WARN_ABOUT_RETURN_TYPE = YES_ERROR;
				GCC_WARN_UNDECLARED_SELECTOR = YES;
				GCC_WARN_UNINITIALIZED_AUTOS = YES_AGGRESSIVE;
				GCC_WARN_UNUSED_FUNCTION = YES;
				GCC_WARN_UNUSED_VARIABLE = YES;
				IPHONEOS_DEPLOYMENT_TARGET = 15.0;
				MTL_ENABLE_DEBUG_INFO = NO;
				MTL_FAST_MATH = YES;
				SDKROOT = iphoneos;
				SWIFT_COMPILATION_MODE = wholemodule;
				SWIFT_OPTIMIZATION_LEVEL = "-O";
				VALIDATE_PRODUCT = YES;
			};
			name = Release;
		};
		ACE290A42815D0F7002B0BD8 /* Debug */ = {
			isa = XCBuildConfiguration;
			buildSettings = {
				ASSETCATALOG_COMPILER_APPICON_NAME = AppIcon;
				ASSETCATALOG_COMPILER_GLOBAL_ACCENT_COLOR_NAME = AccentColor;
				CODE_SIGN_IDENTITY = "Apple Development";
				CODE_SIGN_STYLE = Automatic;
				CURRENT_PROJECT_VERSION = 18;
				DEVELOPMENT_TEAM = HWW8JF6MWT;
				ENABLE_PREVIEWS = YES;
				GENERATE_INFOPLIST_FILE = YES;
				INFOPLIST_FILE = Fountains/App/Info.plist;
				INFOPLIST_KEY_UIApplicationSupportsIndirectInputEvents = YES;
				INFOPLIST_KEY_UILaunchScreen_Generation = YES;
				INFOPLIST_KEY_UISupportedInterfaceOrientations = UIInterfaceOrientationPortrait;
				INFOPLIST_KEY_UISupportedInterfaceOrientations_iPad = "UIInterfaceOrientationLandscapeLeft UIInterfaceOrientationLandscapeRight UIInterfaceOrientationPortrait UIInterfaceOrientationPortraitUpsideDown";
				IPHONEOS_DEPLOYMENT_TARGET = 15.0;
				LD_RUNPATH_SEARCH_PATHS = (
					"$(inherited)",
					"@executable_path/Frameworks",
				);
				MARKETING_VERSION = 1.3.8;
				OTHER_LDFLAGS = (
					"$(inherited)",
					"-framework",
					WaterFountains,
					"-ObjC",
				);
				PRODUCT_BUNDLE_IDENTIFIER = mn.openlocations;
				PRODUCT_NAME = "$(TARGET_NAME)";
				PROVISIONING_PROFILE_SPECIFIER = "";
				SWIFT_EMIT_LOC_STRINGS = YES;
				SWIFT_VERSION = 5.0;
				TARGETED_DEVICE_FAMILY = "1,2";
			};
			name = Debug;
		};
		ACE290A52815D0F7002B0BD8 /* Release */ = {
			isa = XCBuildConfiguration;
			buildSettings = {
				ASSETCATALOG_COMPILER_APPICON_NAME = AppIcon;
				ASSETCATALOG_COMPILER_GLOBAL_ACCENT_COLOR_NAME = AccentColor;
				CODE_SIGN_IDENTITY = "Apple Development";
				CODE_SIGN_STYLE = Automatic;
				CURRENT_PROJECT_VERSION = 18;
				DEVELOPMENT_TEAM = HWW8JF6MWT;
				ENABLE_PREVIEWS = YES;
				GENERATE_INFOPLIST_FILE = YES;
				INFOPLIST_FILE = Fountains/App/Info.plist;
				INFOPLIST_KEY_UIApplicationSupportsIndirectInputEvents = YES;
				INFOPLIST_KEY_UILaunchScreen_Generation = YES;
				INFOPLIST_KEY_UISupportedInterfaceOrientations = UIInterfaceOrientationPortrait;
				INFOPLIST_KEY_UISupportedInterfaceOrientations_iPad = "UIInterfaceOrientationLandscapeLeft UIInterfaceOrientationLandscapeRight UIInterfaceOrientationPortrait UIInterfaceOrientationPortraitUpsideDown";
				IPHONEOS_DEPLOYMENT_TARGET = 15.0;
				LD_RUNPATH_SEARCH_PATHS = (
					"$(inherited)",
					"@executable_path/Frameworks",
				);
				MARKETING_VERSION = 1.3.8;
				OTHER_LDFLAGS = (
					"$(inherited)",
					"-framework",
					WaterFountains,
					"-ObjC",
				);
				PRODUCT_BUNDLE_IDENTIFIER = mn.openlocations;
				PRODUCT_NAME = "$(TARGET_NAME)";
				PROVISIONING_PROFILE_SPECIFIER = "";
				SWIFT_EMIT_LOC_STRINGS = YES;
				SWIFT_VERSION = 5.0;
				TARGETED_DEVICE_FAMILY = "1,2";
			};
			name = Release;
		};
/* End XCBuildConfiguration section */

/* Begin XCConfigurationList section */
		ACE290902815D0F6002B0BD8 /* Build configuration list for PBXProject "Fountains" */ = {
			isa = XCConfigurationList;
			buildConfigurations = (
				ACE290A12815D0F7002B0BD8 /* Debug */,
				ACE290A22815D0F7002B0BD8 /* Release */,
			);
			defaultConfigurationIsVisible = 0;
			defaultConfigurationName = Release;
		};
		ACE290A32815D0F7002B0BD8 /* Build configuration list for PBXNativeTarget "Fountains" */ = {
			isa = XCConfigurationList;
			buildConfigurations = (
				ACE290A42815D0F7002B0BD8 /* Debug */,
				ACE290A52815D0F7002B0BD8 /* Release */,
			);
			defaultConfigurationIsVisible = 0;
			defaultConfigurationName = Release;
		};
/* End XCConfigurationList section */

/* Begin XCRemoteSwiftPackageReference section */
		AC45685329DD75EC009CAD02 /* XCRemoteSwiftPackageReference "swift-package-manager-google-mobile-ads" */ = {
			isa = XCRemoteSwiftPackageReference;
			repositoryURL = "https://github.com/googleads/swift-package-manager-google-mobile-ads.git";
			requirement = {
				kind = exactVersion;
				version = 10.13.0;
			};
		};
		AC4C185729F13E9100226FDE /* XCRemoteSwiftPackageReference "NotchLogoKit" */ = {
			isa = XCRemoteSwiftPackageReference;
			repositoryURL = "https://github.com/marionauta/NotchLogoKit";
			requirement = {
				branch = main;
				kind = branch;
			};
		};
		AC7A72D62B13A5CC008AB25C /* XCRemoteSwiftPackageReference "swift-map-cluster" */ = {
			isa = XCRemoteSwiftPackageReference;
			repositoryURL = "https://github.com/marionauta/swift-map-cluster";
			requirement = {
				kind = revision;
				revision = 2a44c870ed283db53df1607acc558f8f9c90304b;
			};
		};
		ACADD55C2B12215B001D1CD1 /* XCRemoteSwiftPackageReference "HelperKit" */ = {
			isa = XCRemoteSwiftPackageReference;
			repositoryURL = "https://github.com/marionauta/HelperKit";
			requirement = {
				kind = exactVersion;
				version = 0.9.0;
			};
		};
		ACB6DB0F2B1120AF0038CAF0 /* XCRemoteSwiftPackageReference "apps-showcase-list" */ = {
			isa = XCRemoteSwiftPackageReference;
			repositoryURL = "https://github.com/marionauta/apps-showcase-list";
			requirement = {
				branch = main;
				kind = branch;
			};
		};
		ACCE786E2B05367B00F12B6B /* XCRemoteSwiftPackageReference "SwiftLint" */ = {
			isa = XCRemoteSwiftPackageReference;
			repositoryURL = "https://github.com/realm/SwiftLint";
			requirement = {
				kind = exactVersion;
				version = 0.54.0;
			};
		};
/* End XCRemoteSwiftPackageReference section */

/* Begin XCSwiftPackageProductDependency section */
		AC1D6BA82AFE340000A88F7B /* AppsShowcase */ = {
			isa = XCSwiftPackageProductDependency;
			productName = AppsShowcase;
		};
		AC45685929DD7851009CAD02 /* GoogleMobileAds */ = {
			isa = XCSwiftPackageProductDependency;
			package = AC45685329DD75EC009CAD02 /* XCRemoteSwiftPackageReference "swift-package-manager-google-mobile-ads" */;
			productName = GoogleMobileAds;
		};
		AC4C185829F13E9100226FDE /* NotchLogoKit */ = {
			isa = XCSwiftPackageProductDependency;
			package = AC4C185729F13E9100226FDE /* XCRemoteSwiftPackageReference "NotchLogoKit" */;
			productName = NotchLogoKit;
		};
		AC7A72D72B13A5CC008AB25C /* MapCluster */ = {
			isa = XCSwiftPackageProductDependency;
			package = AC7A72D62B13A5CC008AB25C /* XCRemoteSwiftPackageReference "swift-map-cluster" */;
			productName = MapCluster;
		};
		ACADD55D2B12215B001D1CD1 /* HelperKit */ = {
			isa = XCSwiftPackageProductDependency;
			package = ACADD55C2B12215B001D1CD1 /* XCRemoteSwiftPackageReference "HelperKit" */;
			productName = HelperKit;
		};
		ACB6DB102B1120AF0038CAF0 /* AppsShowcase */ = {
			isa = XCSwiftPackageProductDependency;
			package = ACB6DB0F2B1120AF0038CAF0 /* XCRemoteSwiftPackageReference "apps-showcase-list" */;
			productName = AppsShowcase;
		};
		ACCE786F2B05369700F12B6B /* SwiftLintPlugin */ = {
			isa = XCSwiftPackageProductDependency;
			package = ACCE786E2B05367B00F12B6B /* XCRemoteSwiftPackageReference "SwiftLint" */;
			productName = "plugin:SwiftLintPlugin";
		};
		ACCF53C52815D52500D62A53 /* DomainLayer */ = {
			isa = XCSwiftPackageProductDependency;
			productName = DomainLayer;
		};
/* End XCSwiftPackageProductDependency section */
	};
	rootObject = ACE2908D2815D0F6002B0BD8 /* Project object */;
}
